{
  "originHash" : "cb49635815ba8b78881766a187dd96281da8dfba4bfc7b1d17a650c983be393e",
  "pins" : [
    {
      "identity" : "swift-syntax",
      "kind" : "remoteSourceControl",
      "location" : "https://github.com/swiftlang/swift-syntax.git",
      "state" : {
        "revision" : "8ceb17262cf9a7c89ffaf2d1d62c32cee76151aa",
        "version" : "601.0.0-prerelease-2025-01-21"
      }
    },
    {
      "identity" : "swift-testing",
      "kind" : "remoteSourceControl",
      "location" : "https://github.com/swiftlang/swift-testing.git",
      "state" : {
        "branch" : "main",
        "revision" : "faaabba3a977d670bb34dbba965a74ce500cb07f"
      }
    }
  ],
  "version" : 3
}
