{
  "originHash" : "9c3308944409cc33b9105d13abbea5a3ba2c44d4f97c032b3769daf508539ae0",
  "pins" : [
    {
      "identity" : "swiftformatlintplugin",
      "kind" : "remoteSourceControl",
      "location" : "https://github.com/Snapp-Mobile/SwiftFormatLintPlugin.git",
      "state" : {
        "revision" : "d34da87136323e245fd6cf33100b016500ecd803",
        "version" : "1.0.4"
      }
    }
  ],
  "version" : 3
}
