{
  "originHash" : "e2f43519fc69c04845379ff1d5f85f42ac0f367ffcf710c5d4e516380ec20d20",
  "pins" : [
    {
      "identity" : "swift-syntax",
      "kind" : "remoteSourceControl",
      "location" : "https://github.com/swiftlang/swift-syntax.git",
      "state" : {
        "revision" : "8ceb17262cf9a7c89ffaf2d1d62c32cee76151aa",
        "version" : "601.0.0-prerelease-2025-01-21"
      }
    },
    {
      "identity" : "swift-testing",
      "kind" : "remoteSourceControl",
      "location" : "https://github.com/swiftlang/swift-testing",
      "state" : {
        "branch" : "main",
        "revision" : "faaabba3a977d670bb34dbba965a74ce500cb07f"
      }
    }
  ],
  "version" : 3
}
