{
  "originHash" : "0fb407c043677cc21d521286d3bcc5c7966397bf6beb4569c7b35bb59fa7caac",
  "pins" : [
    {
      "identity" : "snapptheming",
      "kind" : "remoteSourceControl",
      "location" : "https://github.com/Snapp-Mobile/SnappTheming",
      "state" : {
        "revision" : "6d42e1aedba9080364223e67bcf1abf7366e5430",
        "version" : "0.0.8"
      }
    }
  ],
  "version" : 3
}
